
Microsoft Visual Studio Solution File, Format Version 12.00
# Visual Studio Version 16
VisualStudioVersion = 16.0.30907.101
MinimumVisualStudioVersion = 10.0.40219.1
Project("{FAE04EC0-301F-11D3-BF4B-00C04F79EFBC}") = "BorobudurReliefStories.Android", "BorobudurReliefStories\BorobudurReliefStories.Android\BorobudurReliefStories.Android.csproj", "{A0B599DC-6589-4BB4-9719-E0DAC3C75503}"
EndProject
Project("{FAE04EC0-301F-11D3-BF4B-00C04F79EFBC}") = "BorobudurReliefStories.iOS", "BorobudurReliefStories\BorobudurReliefStories.iOS\BorobudurReliefStories.iOS.csproj", "{43E2C677-668D-411D-8BAE-B2303E9DE15A}"
EndProject
Project("{FAE04EC0-301F-11D3-BF4B-00C04F79EFBC}") = "BorobudurReliefStories", "BorobudurReliefStories\BorobudurReliefStories\BorobudurReliefStories.csproj", "{2CCFF514-83D2-4F89-B247-5E87098E7E0E}"
EndProject
Global
	GlobalSection(SolutionConfigurationPlatforms) = preSolution
		Debug|Any CPU = Debug|Any CPU
		Debug|iPhone = Debug|iPhone
		Debug|iPhoneSimulator = Debug|iPhoneSimulator
		Release|Any CPU = Release|Any CPU
		Release|iPhone = Release|iPhone
		Release|iPhoneSimulator = Release|iPhoneSimulator
	EndGlobalSection
	GlobalSection(ProjectConfigurationPlatforms) = postSolution
		{A0B599DC-6589-4BB4-9719-E0DAC3C75503}.Debug|Any CPU.ActiveCfg = Debug|Any CPU
		{A0B599DC-6589-4BB4-9719-E0DAC3C75503}.Debug|Any CPU.Build.0 = Debug|Any CPU
		{A0B599DC-6589-4BB4-9719-E0DAC3C75503}.Debug|Any CPU.Deploy.0 = Debug|Any CPU
		{A0B599DC-6589-4BB4-9719-E0DAC3C75503}.Debug|iPhone.ActiveCfg = Debug|Any CPU
		{A0B599DC-6589-4BB4-9719-E0DAC3C75503}.Debug|iPhone.Build.0 = Debug|Any CPU
		{A0B599DC-6589-4BB4-9719-E0DAC3C75503}.Debug|iPhone.Deploy.0 = Debug|Any CPU
		{A0B599DC-6589-4BB4-9719-E0DAC3C75503}.Debug|iPhoneSimulator.ActiveCfg = Debug|Any CPU
		{A0B599DC-6589-4BB4-9719-E0DAC3C75503}.Debug|iPhoneSimulator.Build.0 = Debug|Any CPU
		{A0B599DC-6589-4BB4-9719-E0DAC3C75503}.Debug|iPhoneSimulator.Deploy.0 = Debug|Any CPU
		{A0B599DC-6589-4BB4-9719-E0DAC3C75503}.Release|Any CPU.ActiveCfg = Release|Any CPU
		{A0B599DC-6589-4BB4-9719-E0DAC3C75503}.Release|Any CPU.Build.0 = Release|Any CPU
		{A0B599DC-6589-4BB4-9719-E0DAC3C75503}.Release|Any CPU.Deploy.0 = Release|Any CPU
		{A0B599DC-6589-4BB4-9719-E0DAC3C75503}.Release|iPhone.ActiveCfg = Release|Any CPU
		{A0B599DC-6589-4BB4-9719-E0DAC3C75503}.Release|iPhone.Build.0 = Release|Any CPU
		{A0B599DC-6589-4BB4-9719-E0DAC3C75503}.Release|iPhone.Deploy.0 = Release|Any CPU
		{A0B599DC-6589-4BB4-9719-E0DAC3C75503}.Release|iPhoneSimulator.ActiveCfg = Release|Any CPU
		{A0B599DC-6589-4BB4-9719-E0DAC3C75503}.Release|iPhoneSimulator.Build.0 = Release|Any CPU
		{A0B599DC-6589-4BB4-9719-E0DAC3C75503}.Release|iPhoneSimulator.Deploy.0 = Release|Any CPU
		{43E2C677-668D-411D-8BAE-B2303E9DE15A}.Debug|Any CPU.ActiveCfg = Debug|iPhone
		{43E2C677-668D-411D-8BAE-B2303E9DE15A}.Debug|Any CPU.Build.0 = Debug|iPhone
		{43E2C677-668D-411D-8BAE-B2303E9DE15A}.Debug|Any CPU.Deploy.0 = Debug|iPhone
		{43E2C677-668D-411D-8BAE-B2303E9DE15A}.Debug|iPhone.ActiveCfg = Debug|iPhone
		{43E2C677-668D-411D-8BAE-B2303E9DE15A}.Debug|iPhone.Build.0 = Debug|iPhone
		{43E2C677-668D-411D-8BAE-B2303E9DE15A}.Debug|iPhone.Deploy.0 = Debug|iPhone
		{43E2C677-668D-411D-8BAE-B2303E9DE15A}.Debug|iPhoneSimulator.ActiveCfg = Debug|iPhoneSimulator
		{43E2C677-668D-411D-8BAE-B2303E9DE15A}.Debug|iPhoneSimulator.Build.0 = Debug|iPhoneSimulator
		{43E2C677-668D-411D-8BAE-B2303E9DE15A}.Debug|iPhoneSimulator.Deploy.0 = Debug|iPhoneSimulator
		{43E2C677-668D-411D-8BAE-B2303E9DE15A}.Release|Any CPU.ActiveCfg = Release|iPhoneSimulator
		{43E2C677-668D-411D-8BAE-B2303E9DE15A}.Release|Any CPU.Build.0 = Release|iPhoneSimulator
		{43E2C677-668D-411D-8BAE-B2303E9DE15A}.Release|Any CPU.Deploy.0 = Release|iPhoneSimulator
		{43E2C677-668D-411D-8BAE-B2303E9DE15A}.Release|iPhone.ActiveCfg = Release|iPhone
		{43E2C677-668D-411D-8BAE-B2303E9DE15A}.Release|iPhone.Build.0 = Release|iPhone
		{43E2C677-668D-411D-8BAE-B2303E9DE15A}.Release|iPhone.Deploy.0 = Release|iPhone
		{43E2C677-668D-411D-8BAE-B2303E9DE15A}.Release|iPhoneSimulator.ActiveCfg = Release|iPhoneSimulator
		{43E2C677-668D-411D-8BAE-B2303E9DE15A}.Release|iPhoneSimulator.Build.0 = Release|iPhoneSimulator
		{43E2C677-668D-411D-8BAE-B2303E9DE15A}.Release|iPhoneSimulator.Deploy.0 = Release|iPhoneSimulator
		{2CCFF514-83D2-4F89-B247-5E87098E7E0E}.Debug|Any CPU.ActiveCfg = Debug|Any CPU
		{2CCFF514-83D2-4F89-B247-5E87098E7E0E}.Debug|Any CPU.Build.0 = Debug|Any CPU
		{2CCFF514-83D2-4F89-B247-5E87098E7E0E}.Debug|Any CPU.Deploy.0 = Debug|Any CPU
		{2CCFF514-83D2-4F89-B247-5E87098E7E0E}.Debug|iPhone.ActiveCfg = Debug|Any CPU
		{2CCFF514-83D2-4F89-B247-5E87098E7E0E}.Debug|iPhone.Build.0 = Debug|Any CPU
		{2CCFF514-83D2-4F89-B247-5E87098E7E0E}.Debug|iPhone.Deploy.0 = Debug|Any CPU
		{2CCFF514-83D2-4F89-B247-5E87098E7E0E}.Debug|iPhoneSimulator.ActiveCfg = Debug|Any CPU
		{2CCFF514-83D2-4F89-B247-5E87098E7E0E}.Debug|iPhoneSimulator.Build.0 = Debug|Any CPU
		{2CCFF514-83D2-4F89-B247-5E87098E7E0E}.Debug|iPhoneSimulator.Deploy.0 = Debug|Any CPU
		{2CCFF514-83D2-4F89-B247-5E87098E7E0E}.Release|Any CPU.ActiveCfg = Release|Any CPU
		{2CCFF514-83D2-4F89-B247-5E87098E7E0E}.Release|Any CPU.Build.0 = Release|Any CPU
		{2CCFF514-83D2-4F89-B247-5E87098E7E0E}.Release|Any CPU.Deploy.0 = Release|Any CPU
		{2CCFF514-83D2-4F89-B247-5E87098E7E0E}.Release|iPhone.ActiveCfg = Release|Any CPU
		{2CCFF514-83D2-4F89-B247-5E87098E7E0E}.Release|iPhone.Build.0 = Release|Any CPU
		{2CCFF514-83D2-4F89-B247-5E87098E7E0E}.Release|iPhone.Deploy.0 = Release|Any CPU
		{2CCFF514-83D2-4F89-B247-5E87098E7E0E}.Release|iPhoneSimulator.ActiveCfg = Release|Any CPU
		{2CCFF514-83D2-4F89-B247-5E87098E7E0E}.Release|iPhoneSimulator.Build.0 = Release|Any CPU
		{2CCFF514-83D2-4F89-B247-5E87098E7E0E}.Release|iPhoneSimulator.Deploy.0 = Release|Any CPU
	EndGlobalSection
	GlobalSection(SolutionProperties) = preSolution
		HideSolutionNode = FALSE
	EndGlobalSection
	GlobalSection(ExtensibilityGlobals) = postSolution
		SolutionGuid = {5EF12C05-9099-4D22-AA5C-4511D9CD26AE}
	EndGlobalSection
EndGlobal
